
Microsoft Visual Studio Solution File, Format Version 12.00
# Visual Studio 15
Project("{FAE04EC0-301F-11D3-BF4B-00C04F79EFBC}") = "Assembly-CSharp", "Assembly-CSharp.csproj", "{9C82B3A6-E95F-912B-12EE-685F41373608}"
EndProject
Project("{FAE04EC0-301F-11D3-BF4B-00C04F79EFBC}") = "Assembly-CSharp-Editor", "Assembly-CSharp-Editor.csproj", "{2EEEFB70-9D4C-7D27-2B09-8DD8806236E3}"
EndProject
Global
	GlobalSection(SolutionConfigurationPlatforms) = preSolution
		Debug|Any CPU = Debug|Any CPU
		Release|Any CPU = Release|Any CPU
	EndGlobalSection
	GlobalSection(ProjectConfigurationPlatforms) = postSolution
		{9C82B3A6-E95F-912B-12EE-685F41373608}.Debug|Any CPU.ActiveCfg = Debug|Any CPU
		{9C82B3A6-E95F-912B-12EE-685F41373608}.Debug|Any CPU.Build.0 = Debug|Any CPU
		{9C82B3A6-E95F-912B-12EE-685F41373608}.Release|Any CPU.ActiveCfg = Release|Any CPU
		{9C82B3A6-E95F-912B-12EE-685F41373608}.Release|Any CPU.Build.0 = Release|Any CPU
		{2EEEFB70-9D4C-7D27-2B09-8DD8806236E3}.Debug|Any CPU.ActiveCfg = Debug|Any CPU
		{2EEEFB70-9D4C-7D27-2B09-8DD8806236E3}.Debug|Any CPU.Build.0 = Debug|Any CPU
		{2EEEFB70-9D4C-7D27-2B09-8DD8806236E3}.Release|Any CPU.ActiveCfg = Release|Any CPU
		{2EEEFB70-9D4C-7D27-2B09-8DD8806236E3}.Release|Any CPU.Build.0 = Release|Any CPU
	EndGlobalSection
	GlobalSection(SolutionProperties) = preSolution
		HideSolutionNode = FALSE
	EndGlobalSection
EndGlobal
