
Microsoft Visual Studio Solution File, Format Version 12.00
# Visual Studio Version 17
VisualStudioVersion = 17.14.36603.0 d17.14
MinimumVisualStudioVersion = 10.0.40219.1
Project("{FAE04EC0-301F-11D3-BF4B-00C04F79EFBC}") = "Assembly-CSharp", "Assembly-CSharp.csproj", "{D73BF324-B926-11BB-3771-F721A3D7A0BF}"
EndProject
Project("{FAE04EC0-301F-11D3-BF4B-00C04F79EFBC}") = "Assembly-CSharp-firstpass", "Assembly-CSharp-firstpass.csproj", "{6BB9F445-ED88-E694-7842-E8D66911A94C}"
EndProject
Project("{FAE04EC0-301F-11D3-BF4B-00C04F79EFBC}") = "Assembly-CSharp-Editor", "Assembly-CSharp-Editor.csproj", "{FA170F5F-2137-4D74-0183-2953EA6F7052}"
EndProject
Global
	GlobalSection(SolutionConfigurationPlatforms) = preSolution
		Debug|Any CPU = Debug|Any CPU
		Release|Any CPU = Release|Any CPU
	EndGlobalSection
	GlobalSection(ProjectConfigurationPlatforms) = postSolution
		{D73BF324-B926-11BB-3771-F721A3D7A0BF}.Debug|Any CPU.ActiveCfg = Debug|Any CPU
		{D73BF324-B926-11BB-3771-F721A3D7A0BF}.Debug|Any CPU.Build.0 = Debug|Any CPU
		{D73BF324-B926-11BB-3771-F721A3D7A0BF}.Release|Any CPU.ActiveCfg = Release|Any CPU
		{D73BF324-B926-11BB-3771-F721A3D7A0BF}.Release|Any CPU.Build.0 = Release|Any CPU
		{6BB9F445-ED88-E694-7842-E8D66911A94C}.Debug|Any CPU.ActiveCfg = Debug|Any CPU
		{6BB9F445-ED88-E694-7842-E8D66911A94C}.Debug|Any CPU.Build.0 = Debug|Any CPU
		{6BB9F445-ED88-E694-7842-E8D66911A94C}.Release|Any CPU.ActiveCfg = Release|Any CPU
		{6BB9F445-ED88-E694-7842-E8D66911A94C}.Release|Any CPU.Build.0 = Release|Any CPU
		{FA170F5F-2137-4D74-0183-2953EA6F7052}.Debug|Any CPU.ActiveCfg = Debug|Any CPU
		{FA170F5F-2137-4D74-0183-2953EA6F7052}.Debug|Any CPU.Build.0 = Debug|Any CPU
		{FA170F5F-2137-4D74-0183-2953EA6F7052}.Release|Any CPU.ActiveCfg = Release|Any CPU
		{FA170F5F-2137-4D74-0183-2953EA6F7052}.Release|Any CPU.Build.0 = Release|Any CPU
	EndGlobalSection
	GlobalSection(SolutionProperties) = preSolution
		HideSolutionNode = FALSE
	EndGlobalSection
	GlobalSection(ExtensibilityGlobals) = postSolution
		SolutionGuid = {2FE9DC69-07F4-45F5-BD9A-EFA7291B306B}
	EndGlobalSection
EndGlobal
